{
  "name": "@qromos/at-ui-style",
  "version": "0.1.0",
  "lockfileVersion": 1,
  "requires": true,
  "dependencies": {
    "feathericon": {
      "version": "1.0.2",
      "resolved": "https://registry.npmjs.org/feathericon/-/feathericon-1.0.2.tgz",
      "integrity": "sha512-Y/aubbrxxmZDlzVIdnpu3FjHopzB1ADIDj6NLyYKdClmiH5KlILFAhsP8wcnkR2WKNg33y4k9OBmoF5B1IIINg=="
    }
  }
}
